github.com/BurntSushi/toml v0.3.1 h1:WXkYYl6Yr3qBf1K79EBnL4mak0OimBfB0XUf9Vl28OQ=
github.com/BurntSushi/toml v0.3.1/go.mod h1:xHWCNGjB5oqiDr8zfno3MHue2Ht5sIBksp03qcyfWMU=
github.com/jung-kurt/gofpdf/v2 v2.17.2 h1:STdTJmpkm0u4wJRHoM/LWKftam+x66MfVk6cEs+fMvc=
github.com/jung-kurt/gofpdf/v2 v2.17.2/go.mod h1:RF/RGAP0AS4rd9fVZ6gb7Lbw6178P/AdAxMRW8Kn/Vk=
github.com/pkg/errors v0.9.1 h1:FEBLx1zS214owpjy7qsBeixbURkuhQAwrK5UwLGTwt4=
github.com/pkg/errors v0.9.1/go.mod h1:bwawxfHBFNV+L2hUp1rHADufV3IMtnDRdf1r5NINEl0=
